# THIS IS AN AUTOGENERATED FILE. DO NOT EDIT THIS FILE DIRECTLY.
# yarn lockfile v1


node-pngquant-native@^2.2.0:
  version "2.2.0"
  resolved "http://npm.shopee.io/node-pngquant-native/-/node-pngquant-native-2.2.0.tgz#156b4ba19da32eba293515ff066970c3173e742e"
  integrity sha512-S52MkN4fBZKeaE0dd8iWCZoRTEk2QXZfvaYYBfH1/o5cY6hUNdjWBISYLsf2qXRD1Tjpx0DJ793rQCYW+mPLUg==
  dependencies:
    semver "^5.6.0"

semver@^5.6.0:
  version "5.7.1"
  resolved "http://npm.shopee.io/semver/-/semver-5.7.1.tgz#a954f931aeba508d307bbf069eff0c01c96116f7"
  integrity sha512-sauaDf/PZdVgrLTNYHRtpXa1iRiKcaebiKQ1BJdpQlWH2lCvexQdX55snPFyK7QzpudqbCI0qXFfOasHdyNDGQ==
