# THIS IS AN AUTOGENERATED FILE. DO NOT EDIT THIS FILE DIRECTLY.
# yarn lockfile v1


"@babel/parser@^7.17.9":
  version "7.17.9"
  resolved "http://npm.shopee.io/@babel%2fparser/-/parser-7.17.9.tgz#9c94189a6062f0291418ca021077983058e171ef"
  integrity sha512-vqUSBLP8dQHFPdPi9bc5GK9vRkYHJ49fsZdtoJ8EQ8ibpwk5rPKfvNIwChB0KVXcIjcepEBBd2VHC5r9Gy8ueg==

"@types/node@^17.0.23":
  version "17.0.23"
  resolved "http://npm.shopee.io/@types%2fnode/-/node-17.0.23.tgz#3b41a6e643589ac6442bdbd7a4a3ded62f33f7da"
  integrity sha512-UxDxWn7dl97rKVeVS61vErvw086aCYhDLyvRQZ5Rk65rZKepaFdm53GeqXaKBuOhED4e9uWq34IC3TdSdJJ2Gw==
